
Microsoft Visual Studio Solution File, Format Version 12.00
# Visual Studio Version 17
VisualStudioVersion = 17.4.33213.308
MinimumVisualStudioVersion = 10.0.40219.1
Project("{FAE04EC0-301F-11D3-BF4B-00C04F79EFBC}") = "SearchApi", "SearchApi\SearchApi.csproj", "{57EBFFD0-76D7-41D1-BDF9-09F9295B3BBF}"
EndProject
Global
	GlobalSection(SolutionConfigurationPlatforms) = preSolution
		Debug|Any CPU = Debug|Any CPU
		Release|Any CPU = Release|Any CPU
	EndGlobalSection
	GlobalSection(ProjectConfigurationPlatforms) = postSolution
		{57EBFFD0-76D7-41D1-BDF9-09F9295B3BBF}.Debug|Any CPU.ActiveCfg = Debug|Any CPU
		{57EBFFD0-76D7-41D1-BDF9-09F9295B3BBF}.Debug|Any CPU.Build.0 = Debug|Any CPU
		{57EBFFD0-76D7-41D1-BDF9-09F9295B3BBF}.Release|Any CPU.ActiveCfg = Release|Any CPU
		{57EBFFD0-76D7-41D1-BDF9-09F9295B3BBF}.Release|Any CPU.Build.0 = Release|Any CPU
	EndGlobalSection
	GlobalSection(SolutionProperties) = preSolution
		HideSolutionNode = FALSE
	EndGlobalSection
	GlobalSection(ExtensibilityGlobals) = postSolution
		SolutionGuid = {FCD1D93C-2E56-4F49-8E31-91B58346930B}
	EndGlobalSection
EndGlobal
